
Microsoft Visual Studio Solution File, Format Version 12.00
# Visual Studio 15
VisualStudioVersion = 15.0.28010.2048
MinimumVisualStudioVersion = 10.0.40219.1
Project("{FAE04EC0-301F-11D3-BF4B-00C04F79EFBC}") = "BacklogManager", "BacklogManager\BacklogManager.csproj", "{8844B59E-62F8-4AD3-93AF-F230EE1EC190}"
EndProject
Global
	GlobalSection(SolutionConfigurationPlatforms) = preSolution
		Debug|Any CPU = Debug|Any CPU
		Release|Any CPU = Release|Any CPU
	EndGlobalSection
	GlobalSection(ProjectConfigurationPlatforms) = postSolution
		{8844B59E-62F8-4AD3-93AF-F230EE1EC190}.Debug|Any CPU.ActiveCfg = Debug|Any CPU
		{8844B59E-62F8-4AD3-93AF-F230EE1EC190}.Debug|Any CPU.Build.0 = Debug|Any CPU
		{8844B59E-62F8-4AD3-93AF-F230EE1EC190}.Release|Any CPU.ActiveCfg = Release|Any CPU
		{8844B59E-62F8-4AD3-93AF-F230EE1EC190}.Release|Any CPU.Build.0 = Release|Any CPU
	EndGlobalSection
	GlobalSection(SolutionProperties) = preSolution
		HideSolutionNode = FALSE
	EndGlobalSection
	GlobalSection(ExtensibilityGlobals) = postSolution
		SolutionGuid = {E745418A-ACB0-4B9F-AA4E-8F15C069567B}
	EndGlobalSection
EndGlobal
